
Microsoft Visual Studio Solution File, Format Version 12.00
# Visual Studio Version 16
VisualStudioVersion = 16.0.31105.61
MinimumVisualStudioVersion = 10.0.40219.1
Project("{FAE04EC0-301F-11D3-BF4B-00C04F79EFBC}") = "Nhom21", "Nhom21\Nhom21.csproj", "{EE941E59-8E3F-4553-BBED-E5589DEDCCA3}"
EndProject
Global
	GlobalSection(SolutionConfigurationPlatforms) = preSolution
		Debug|Any CPU = Debug|Any CPU
		Release|Any CPU = Release|Any CPU
	EndGlobalSection
	GlobalSection(ProjectConfigurationPlatforms) = postSolution
		{EE941E59-8E3F-4553-BBED-E5589DEDCCA3}.Debug|Any CPU.ActiveCfg = Debug|Any CPU
		{EE941E59-8E3F-4553-BBED-E5589DEDCCA3}.Debug|Any CPU.Build.0 = Debug|Any CPU
		{EE941E59-8E3F-4553-BBED-E5589DEDCCA3}.Release|Any CPU.ActiveCfg = Release|Any CPU
		{EE941E59-8E3F-4553-BBED-E5589DEDCCA3}.Release|Any CPU.Build.0 = Release|Any CPU
	EndGlobalSection
	GlobalSection(SolutionProperties) = preSolution
		HideSolutionNode = FALSE
	EndGlobalSection
	GlobalSection(ExtensibilityGlobals) = postSolution
		SolutionGuid = {EB4499D4-5B50-4A68-BC3E-CBF1116274A4}
	EndGlobalSection
EndGlobal
